// !$*UTF8*$!
{
	archiveVersion = 1;
	classes = {
	};
	objectVersion = 55;
	objects = {

/* Begin PBXBuildFile section */
		11102A2027C2D54100E9B81C /* AppDelegate.swift in Sources */ = {isa = PBXBuildFile; fileRef = 11102A1F27C2D54100E9B81C /* AppDelegate.swift */; };
		11102A2227C2D54100E9B81C /* SceneDelegate.swift in Sources */ = {isa = PBXBuildFile; fileRef = 11102A2127C2D54100E9B81C /* SceneDelegate.swift */; };
		11102A2427C2D54100E9B81C /* ViewController.swift in Sources */ = {isa = PBXBuildFile; fileRef = 11102A2327C2D54100E9B81C /* ViewController.swift */; };
		11102A2727C2D54100E9B81C /* Main.storyboard in Resources */ = {isa = PBXBuildFile; fileRef = 11102A2527C2D54100E9B81C /* Main.storyboard */; };
		11102A2927C2D54200E9B81C /* Assets.xcassets in Resources */ = {isa = PBXBuildFile; fileRef = 11102A2827C2D54200E9B81C /* Assets.xcassets */; };
		11102A2C27C2D54200E9B81C /* LaunchScreen.storyboard in Resources */ = {isa = PBXBuildFile; fileRef = 11102A2A27C2D54200E9B81C /* LaunchScreen.storyboard */; };
		11102A3927C2D64C00E9B81C /* ImageExtensions.swift in Sources */ = {isa = PBXBuildFile; fileRef = 11102A3427C2D64C00E9B81C /* ImageExtensions.swift */; };
		11102A3A27C2D64C00E9B81C /* DesignClass.swift in Sources */ = {isa = PBXBuildFile; fileRef = 11102A3527C2D64C00E9B81C /* DesignClass.swift */; };
		11102A3B27C2D64C00E9B81C /* TextFieldExtensions.swift in Sources */ = {isa = PBXBuildFile; fileRef = 11102A3627C2D64C00E9B81C /* TextFieldExtensions.swift */; };
		11102A3C27C2D64C00E9B81C /* Colors.swift in Sources */ = {isa = PBXBuildFile; fileRef = 11102A3727C2D64C00E9B81C /* Colors.swift */; };
		11102A3D27C2D64C00E9B81C /* GlobalVariables.swift in Sources */ = {isa = PBXBuildFile; fileRef = 11102A3827C2D64C00E9B81C /* GlobalVariables.swift */; };
		11102A3F27C2D65900E9B81C /* MyController.swift in Sources */ = {isa = PBXBuildFile; fileRef = 11102A3E27C2D65900E9B81C /* MyController.swift */; };
		111453DC27C5564F00CF071F /* SettingsViewController.swift in Sources */ = {isa = PBXBuildFile; fileRef = 111453DB27C5564F00CF071F /* SettingsViewController.swift */; };
		111453DE27C5599900CF071F /* SettingTableViewCell.swift in Sources */ = {isa = PBXBuildFile; fileRef = 111453DD27C5599900CF071F /* SettingTableViewCell.swift */; };
		111453E027C5618300CF071F /* ForgotPAsswordViewController.swift in Sources */ = {isa = PBXBuildFile; fileRef = 111453DF27C5618300CF071F /* ForgotPAsswordViewController.swift */; };
		1188572F27C510A700C0C313 /* LoginViewController.swift in Sources */ = {isa = PBXBuildFile; fileRef = 1188572E27C510A700C0C313 /* LoginViewController.swift */; };
		11A0820127C51AAC0018F036 /* SignViewController.swift in Sources */ = {isa = PBXBuildFile; fileRef = 11A0820027C51AAC0018F036 /* SignViewController.swift */; };
		11A0820327C534E80018F036 /* WritersViewController.swift in Sources */ = {isa = PBXBuildFile; fileRef = 11A0820227C534E80018F036 /* WritersViewController.swift */; };
		11A0820527C5381B0018F036 /* WritersTableViewCell.swift in Sources */ = {isa = PBXBuildFile; fileRef = 11A0820427C5381B0018F036 /* WritersTableViewCell.swift */; };
		11A0820727C53E490018F036 /* AboutViewController.swift in Sources */ = {isa = PBXBuildFile; fileRef = 11A0820627C53E490018F036 /* AboutViewController.swift */; };
		11A0820927C5469C0018F036 /* SearchViewController.swift in Sources */ = {isa = PBXBuildFile; fileRef = 11A0820827C5469C0018F036 /* SearchViewController.swift */; };
		11A0820B27C54C9F0018F036 /* ProfileViewController.swift in Sources */ = {isa = PBXBuildFile; fileRef = 11A0820A27C54C9F0018F036 /* ProfileViewController.swift */; };
		4DF02C6B1D13C28763509D70 /* Pods_yazarlar_app.framework in Frameworks */ = {isa = PBXBuildFile; fileRef = 2820ADD62BEDF1D5CC32A4D0 /* Pods_yazarlar_app.framework */; };
/* End PBXBuildFile section */

/* Begin PBXFileReference section */
		10B011F6BC9136BFB6C76A85 /* Pods-yazarlar_app.release.xcconfig */ = {isa = PBXFileReference; includeInIndex = 1; lastKnownFileType = text.xcconfig; name = "Pods-yazarlar_app.release.xcconfig"; path = "Target Support Files/Pods-yazarlar_app/Pods-yazarlar_app.release.xcconfig"; sourceTree = "<group>"; };
		11102A1C27C2D54100E9B81C /* yazarlar_app.app */ = {isa = PBXFileReference; explicitFileType = wrapper.application; includeInIndex = 0; path = yazarlar_app.app; sourceTree = BUILT_PRODUCTS_DIR; };
		11102A1F27C2D54100E9B81C /* AppDelegate.swift */ = {isa = PBXFileReference; lastKnownFileType = sourcecode.swift; path = AppDelegate.swift; sourceTree = "<group>"; };
		11102A2127C2D54100E9B81C /* SceneDelegate.swift */ = {isa = PBXFileReference; lastKnownFileType = sourcecode.swift; path = SceneDelegate.swift; sourceTree = "<group>"; };
		11102A2327C2D54100E9B81C /* ViewController.swift */ = {isa = PBXFileReference; lastKnownFileType = sourcecode.swift; path = ViewController.swift; sourceTree = "<group>"; };
		11102A2627C2D54100E9B81C /* Base */ = {isa = PBXFileReference; lastKnownFileType = file.storyboard; name = Base; path = Base.lproj/Main.storyboard; sourceTree = "<group>"; };
		11102A2827C2D54200E9B81C /* Assets.xcassets */ = {isa = PBXFileReference; lastKnownFileType = folder.assetcatalog; path = Assets.xcassets; sourceTree = "<group>"; };
		11102A2B27C2D54200E9B81C /* Base */ = {isa = PBXFileReference; lastKnownFileType = file.storyboard; name = Base; path = Base.lproj/LaunchScreen.storyboard; sourceTree = "<group>"; };
		11102A2D27C2D54200E9B81C /* Info.plist */ = {isa = PBXFileReference; lastKnownFileType = text.plist.xml; path = Info.plist; sourceTree = "<group>"; };
		11102A3427C2D64C00E9B81C /* ImageExtensions.swift */ = {isa = PBXFileReference; fileEncoding = 4; lastKnownFileType = sourcecode.swift; path = ImageExtensions.swift; sourceTree = "<group>"; };
		11102A3527C2D64C00E9B81C /* DesignClass.swift */ = {isa = PBXFileReference; fileEncoding = 4; lastKnownFileType = sourcecode.swift; path = DesignClass.swift; sourceTree = "<group>"; };
		11102A3627C2D64C00E9B81C /* TextFieldExtensions.swift */ = {isa = PBXFileReference; fileEncoding = 4; lastKnownFileType = sourcecode.swift; path = TextFieldExtensions.swift; sourceTree = "<group>"; };
		11102A3727C2D64C00E9B81C /* Colors.swift */ = {isa = PBXFileReference; fileEncoding = 4; lastKnownFileType = sourcecode.swift; path = Colors.swift; sourceTree = "<group>"; };
		11102A3827C2D64C00E9B81C /* GlobalVariables.swift */ = {isa = PBXFileReference; fileEncoding = 4; lastKnownFileType = sourcecode.swift; path = GlobalVariables.swift; sourceTree = "<group>"; };
		11102A3E27C2D65900E9B81C /* MyController.swift */ = {isa = PBXFileReference; fileEncoding = 4; lastKnownFileType = sourcecode.swift; path = MyController.swift; sourceTree = "<group>"; };
		111453DB27C5564F00CF071F /* SettingsViewController.swift */ = {isa = PBXFileReference; lastKnownFileType = sourcecode.swift; path = SettingsViewController.swift; sourceTree = "<group>"; };
		111453DD27C5599900CF071F /* SettingTableViewCell.swift */ = {isa = PBXFileReference; lastKnownFileType = sourcecode.swift; path = SettingTableViewCell.swift; sourceTree = "<group>"; };
		111453DF27C5618300CF071F /* ForgotPAsswordViewController.swift */ = {isa = PBXFileReference; lastKnownFileType = sourcecode.swift; path = ForgotPAsswordViewController.swift; sourceTree = "<group>"; };
		1188572E27C510A700C0C313 /* LoginViewController.swift */ = {isa = PBXFileReference; lastKnownFileType = sourcecode.swift; path = LoginViewController.swift; sourceTree = "<group>"; };
		11A0820027C51AAC0018F036 /* SignViewController.swift */ = {isa = PBXFileReference; lastKnownFileType = sourcecode.swift; path = SignViewController.swift; sourceTree = "<group>"; };
		11A0820227C534E80018F036 /* WritersViewController.swift */ = {isa = PBXFileReference; lastKnownFileType = sourcecode.swift; path = WritersViewController.swift; sourceTree = "<group>"; };
		11A0820427C5381B0018F036 /* WritersTableViewCell.swift */ = {isa = PBXFileReference; lastKnownFileType = sourcecode.swift; path = WritersTableViewCell.swift; sourceTree = "<group>"; };
		11A0820627C53E490018F036 /* AboutViewController.swift */ = {isa = PBXFileReference; lastKnownFileType = sourcecode.swift; path = AboutViewController.swift; sourceTree = "<group>"; };
		11A0820827C5469C0018F036 /* SearchViewController.swift */ = {isa = PBXFileReference; lastKnownFileType = sourcecode.swift; path = SearchViewController.swift; sourceTree = "<group>"; };
		11A0820A27C54C9F0018F036 /* ProfileViewController.swift */ = {isa = PBXFileReference; lastKnownFileType = sourcecode.swift; path = ProfileViewController.swift; sourceTree = "<group>"; };
		2820ADD62BEDF1D5CC32A4D0 /* Pods_yazarlar_app.framework */ = {isa = PBXFileReference; explicitFileType = wrapper.framework; includeInIndex = 0; path = Pods_yazarlar_app.framework; sourceTree = BUILT_PRODUCTS_DIR; };
		A1002FD6279ED3CCE1DC6F32 /* Pods-yazarlar_app.debug.xcconfig */ = {isa = PBXFileReference; includeInIndex = 1; lastKnownFileType = text.xcconfig; name = "Pods-yazarlar_app.debug.xcconfig"; path = "Target Support Files/Pods-yazarlar_app/Pods-yazarlar_app.debug.xcconfig"; sourceTree = "<group>"; };
/* End PBXFileReference section */

/* Begin PBXFrameworksBuildPhase section */
		11102A1927C2D54100E9B81C /* Frameworks */ = {
			isa = PBXFrameworksBuildPhase;
			buildActionMask = 2147483647;
			files = (
				4DF02C6B1D13C28763509D70 /* Pods_yazarlar_app.framework in Frameworks */,
			);
			runOnlyForDeploymentPostprocessing = 0;
		};
/* End PBXFrameworksBuildPhase section */

/* Begin PBXGroup section */
		11102A1327C2D54100E9B81C = {
			isa = PBXGroup;
			children = (
				11102A1E27C2D54100E9B81C /* yazarlar_app */,
				11102A1D27C2D54100E9B81C /* Products */,
				B42E014E7891C561765B05B2 /* Pods */,
				C2EB38561FC6FF84032EB667 /* Frameworks */,
			);
			sourceTree = "<group>";
		};
		11102A1D27C2D54100E9B81C /* Products */ = {
			isa = PBXGroup;
			children = (
				11102A1C27C2D54100E9B81C /* yazarlar_app.app */,
			);
			name = Products;
			sourceTree = "<group>";
		};
		11102A1E27C2D54100E9B81C /* yazarlar_app */ = {
			isa = PBXGroup;
			children = (
				11102A3327C2D64C00E9B81C /* lib */,
				11102A3E27C2D65900E9B81C /* MyController.swift */,
				11102A1F27C2D54100E9B81C /* AppDelegate.swift */,
				11102A2127C2D54100E9B81C /* SceneDelegate.swift */,
				11102A2327C2D54100E9B81C /* ViewController.swift */,
				111453DF27C5618300CF071F /* ForgotPAsswordViewController.swift */,
				111453DD27C5599900CF071F /* SettingTableViewCell.swift */,
				111453DB27C5564F00CF071F /* SettingsViewController.swift */,
				11A0820A27C54C9F0018F036 /* ProfileViewController.swift */,
				11A0820827C5469C0018F036 /* SearchViewController.swift */,
				11A0820627C53E490018F036 /* AboutViewController.swift */,
				11A0820427C5381B0018F036 /* WritersTableViewCell.swift */,
				11A0820227C534E80018F036 /* WritersViewController.swift */,
				11A0820027C51AAC0018F036 /* SignViewController.swift */,
				1188572E27C510A700C0C313 /* LoginViewController.swift */,
				11102A2527C2D54100E9B81C /* Main.storyboard */,
				11102A2827C2D54200E9B81C /* Assets.xcassets */,
				11102A2A27C2D54200E9B81C /* LaunchScreen.storyboard */,
				11102A2D27C2D54200E9B81C /* Info.plist */,
			);
			path = yazarlar_app;
			sourceTree = "<group>";
		};
		11102A3327C2D64C00E9B81C /* lib */ = {
			isa = PBXGroup;
			children = (
				11102A3427C2D64C00E9B81C /* ImageExtensions.swift */,
				11102A3527C2D64C00E9B81C /* DesignClass.swift */,
				11102A3627C2D64C00E9B81C /* TextFieldExtensions.swift */,
				11102A3727C2D64C00E9B81C /* Colors.swift */,
				11102A3827C2D64C00E9B81C /* GlobalVariables.swift */,
			);
			path = lib;
			sourceTree = "<group>";
		};
		B42E014E7891C561765B05B2 /* Pods */ = {
			isa = PBXGroup;
			children = (
				A1002FD6279ED3CCE1DC6F32 /* Pods-yazarlar_app.debug.xcconfig */,
				10B011F6BC9136BFB6C76A85 /* Pods-yazarlar_app.release.xcconfig */,
			);
			path = Pods;
			sourceTree = "<group>";
		};
		C2EB38561FC6FF84032EB667 /* Frameworks */ = {
			isa = PBXGroup;
			children = (
				2820ADD62BEDF1D5CC32A4D0 /* Pods_yazarlar_app.framework */,
			);
			name = Frameworks;
			sourceTree = "<group>";
		};
/* End PBXGroup section */

/* Begin PBXNativeTarget section */
		11102A1B27C2D54100E9B81C /* yazarlar_app */ = {
			isa = PBXNativeTarget;
			buildConfigurationList = 11102A3027C2D54200E9B81C /* Build configuration list for PBXNativeTarget "yazarlar_app" */;
			buildPhases = (
				B4415939A4EBF05ED5A5F4E8 /* [CP] Check Pods Manifest.lock */,
				11102A1827C2D54100E9B81C /* Sources */,
				11102A1927C2D54100E9B81C /* Frameworks */,
				11102A1A27C2D54100E9B81C /* Resources */,
				681022E2A7AC77A4062ABB06 /* [CP] Embed Pods Frameworks */,
			);
			buildRules = (
			);
			dependencies = (
			);
			name = yazarlar_app;
			productName = yazarlar_app;
			productReference = 11102A1C27C2D54100E9B81C /* yazarlar_app.app */;
			productType = "com.apple.product-type.application";
		};
/* End PBXNativeTarget section */

/* Begin PBXProject section */
		11102A1427C2D54100E9B81C /* Project object */ = {
			isa = PBXProject;
			attributes = {
				BuildIndependentTargetsInParallel = 1;
				LastSwiftUpdateCheck = 1320;
				LastUpgradeCheck = 1320;
				TargetAttributes = {
					11102A1B27C2D54100E9B81C = {
						CreatedOnToolsVersion = 13.2.1;
					};
				};
			};
			buildConfigurationList = 11102A1727C2D54100E9B81C /* Build configuration list for PBXProject "yazarlar_app" */;
			compatibilityVersion = "Xcode 13.0";
			developmentRegion = en;
			hasScannedForEncodings = 0;
			knownRegions = (
				en,
				Base,
			);
			mainGroup = 11102A1327C2D54100E9B81C;
			productRefGroup = 11102A1D27C2D54100E9B81C /* Products */;
			projectDirPath = "";
			projectRoot = "";
			targets = (
				11102A1B27C2D54100E9B81C /* yazarlar_app */,
			);
		};
/* End PBXProject section */

/* Begin PBXResourcesBuildPhase section */
		11102A1A27C2D54100E9B81C /* Resources */ = {
			isa = PBXResourcesBuildPhase;
			buildActionMask = 2147483647;
			files = (
				11102A2C27C2D54200E9B81C /* LaunchScreen.storyboard in Resources */,
				11102A2927C2D54200E9B81C /* Assets.xcassets in Resources */,
				11102A2727C2D54100E9B81C /* Main.storyboard in Resources */,
			);
			runOnlyForDeploymentPostprocessing = 0;
		};
/* End PBXResourcesBuildPhase section */

/* Begin PBXShellScriptBuildPhase section */
		681022E2A7AC77A4062ABB06 /* [CP] Embed Pods Frameworks */ = {
			isa = PBXShellScriptBuildPhase;
			buildActionMask = 2147483647;
			files = (
			);
			inputFileListPaths = (
				"${PODS_ROOT}/Target Support Files/Pods-yazarlar_app/Pods-yazarlar_app-frameworks-${CONFIGURATION}-input-files.xcfilelist",
			);
			name = "[CP] Embed Pods Frameworks";
			outputFileListPaths = (
				"${PODS_ROOT}/Target Support Files/Pods-yazarlar_app/Pods-yazarlar_app-frameworks-${CONFIGURATION}-output-files.xcfilelist",
			);
			runOnlyForDeploymentPostprocessing = 0;
			shellPath = /bin/sh;
			shellScript = "\"${PODS_ROOT}/Target Support Files/Pods-yazarlar_app/Pods-yazarlar_app-frameworks.sh\"\n";
			showEnvVarsInLog = 0;
		};
		B4415939A4EBF05ED5A5F4E8 /* [CP] Check Pods Manifest.lock */ = {
			isa = PBXShellScriptBuildPhase;
			buildActionMask = 2147483647;
			files = (
			);
			inputFileListPaths = (
			);
			inputPaths = (
				"${PODS_PODFILE_DIR_PATH}/Podfile.lock",
				"${PODS_ROOT}/Manifest.lock",
			);
			name = "[CP] Check Pods Manifest.lock";
			outputFileListPaths = (
			);
			outputPaths = (
				"$(DERIVED_FILE_DIR)/Pods-yazarlar_app-checkManifestLockResult.txt",
			);
			runOnlyForDeploymentPostprocessing = 0;
			shellPath = /bin/sh;
			shellScript = "diff \"${PODS_PODFILE_DIR_PATH}/Podfile.lock\" \"${PODS_ROOT}/Manifest.lock\" > /dev/null\nif [ $? != 0 ] ; then\n    # print error to STDERR\n    echo \"error: The sandbox is not in sync with the Podfile.lock. Run 'pod install' or update your CocoaPods installation.\" >&2\n    exit 1\nfi\n# This output is used by Xcode 'outputs' to avoid re-running this script phase.\necho \"SUCCESS\" > \"${SCRIPT_OUTPUT_FILE_0}\"\n";
			showEnvVarsInLog = 0;
		};
/* End PBXShellScriptBuildPhase section */

/* Begin PBXSourcesBuildPhase section */
		11102A1827C2D54100E9B81C /* Sources */ = {
			isa = PBXSourcesBuildPhase;
			buildActionMask = 2147483647;
			files = (
				11A0820927C5469C0018F036 /* SearchViewController.swift in Sources */,
				11102A3A27C2D64C00E9B81C /* DesignClass.swift in Sources */,
				11102A3B27C2D64C00E9B81C /* TextFieldExtensions.swift in Sources */,
				11102A3D27C2D64C00E9B81C /* GlobalVariables.swift in Sources */,
				11A0820527C5381B0018F036 /* WritersTableViewCell.swift in Sources */,
				11A0820127C51AAC0018F036 /* SignViewController.swift in Sources */,
				11A0820B27C54C9F0018F036 /* ProfileViewController.swift in Sources */,
				11102A3F27C2D65900E9B81C /* MyController.swift in Sources */,
				11102A2427C2D54100E9B81C /* ViewController.swift in Sources */,
				11102A3C27C2D64C00E9B81C /* Colors.swift in Sources */,
				11102A2027C2D54100E9B81C /* AppDelegate.swift in Sources */,
				111453E027C5618300CF071F /* ForgotPAsswordViewController.swift in Sources */,
				11102A2227C2D54100E9B81C /* SceneDelegate.swift in Sources */,
				111453DE27C5599900CF071F /* SettingTableViewCell.swift in Sources */,
				111453DC27C5564F00CF071F /* SettingsViewController.swift in Sources */,
				11A0820727C53E490018F036 /* AboutViewController.swift in Sources */,
				11A0820327C534E80018F036 /* WritersViewController.swift in Sources */,
				1188572F27C510A700C0C313 /* LoginViewController.swift in Sources */,
				11102A3927C2D64C00E9B81C /* ImageExtensions.swift in Sources */,
			);
			runOnlyForDeploymentPostprocessing = 0;
		};
/* End PBXSourcesBuildPhase section */

/* Begin PBXVariantGroup section */
		11102A2527C2D54100E9B81C /* Main.storyboard */ = {
			isa = PBXVariantGroup;
			children = (
				11102A2627C2D54100E9B81C /* Base */,
			);
			name = Main.storyboard;
			sourceTree = "<group>";
		};
		11102A2A27C2D54200E9B81C /* LaunchScreen.storyboard */ = {
			isa = PBXVariantGroup;
			children = (
				11102A2B27C2D54200E9B81C /* Base */,
			);
			name = LaunchScreen.storyboard;
			sourceTree = "<group>";
		};
/* End PBXVariantGroup section */

/* Begin XCBuildConfiguration section */
		11102A2E27C2D54200E9B81C /* Debug */ = {
			isa = XCBuildConfiguration;
			buildSettings = {
				ALWAYS_SEARCH_USER_PATHS = NO;
				CLANG_ANALYZER_NONNULL = YES;
				CLANG_ANALYZER_NUMBER_OBJECT_CONVERSION = YES_AGGRESSIVE;
				CLANG_CXX_LANGUAGE_STANDARD = "gnu++17";
				CLANG_CXX_LIBRARY = "libc++";
				CLANG_ENABLE_MODULES = YES;
				CLANG_ENABLE_OBJC_ARC = YES;
				CLANG_ENABLE_OBJC_WEAK = YES;
				CLANG_WARN_BLOCK_CAPTURE_AUTORELEASING = YES;
				CLANG_WARN_BOOL_CONVERSION = YES;
				CLANG_WARN_COMMA = YES;
				CLANG_WARN_CONSTANT_CONVERSION = YES;
				CLANG_WARN_DEPRECATED_OBJC_IMPLEMENTATIONS = YES;
				CLANG_WARN_DIRECT_OBJC_ISA_USAGE = YES_ERROR;
				CLANG_WARN_DOCUMENTATION_COMMENTS = YES;
				CLANG_WARN_EMPTY_BODY = YES;
				CLANG_WARN_ENUM_CONVERSION = YES;
				CLANG_WARN_INFINITE_RECURSION = YES;
				CLANG_WARN_INT_CONVERSION = YES;
				CLANG_WARN_NON_LITERAL_NULL_CONVERSION = YES;
				CLANG_WARN_OBJC_IMPLICIT_RETAIN_SELF = YES;
				CLANG_WARN_OBJC_LITERAL_CONVERSION = YES;
				CLANG_WARN_OBJC_ROOT_CLASS = YES_ERROR;
				CLANG_WARN_QUOTED_INCLUDE_IN_FRAMEWORK_HEADER = YES;
				CLANG_WARN_RANGE_LOOP_ANALYSIS = YES;
				CLANG_WARN_STRICT_PROTOTYPES = YES;
				CLANG_WARN_SUSPICIOUS_MOVE = YES;
				CLANG_WARN_UNGUARDED_AVAILABILITY = YES_AGGRESSIVE;
				CLANG_WARN_UNREACHABLE_CODE = YES;
				CLANG_WARN__DUPLICATE_METHOD_MATCH = YES;
				COPY_PHASE_STRIP = NO;
				DEBUG_INFORMATION_FORMAT = dwarf;
				ENABLE_STRICT_OBJC_MSGSEND = YES;
				ENABLE_TESTABILITY = YES;
				GCC_C_LANGUAGE_STANDARD = gnu11;
				GCC_DYNAMIC_NO_PIC = NO;
				GCC_NO_COMMON_BLOCKS = YES;
				GCC_OPTIMIZATION_LEVEL = 0;
				GCC_PREPROCESSOR_DEFINITIONS = (
					"DEBUG=1",
					"$(inherited)",
				);
				GCC_WARN_64_TO_32_BIT_CONVERSION = YES;
				GCC_WARN_ABOUT_RETURN_TYPE = YES_ERROR;
				GCC_WARN_UNDECLARED_SELECTOR = YES;
				GCC_WARN_UNINITIALIZED_AUTOS = YES_AGGRESSIVE;
				GCC_WARN_UNUSED_FUNCTION = YES;
				GCC_WARN_UNUSED_VARIABLE = YES;
				IPHONEOS_DEPLOYMENT_TARGET = 15.2;
				MTL_ENABLE_DEBUG_INFO = INCLUDE_SOURCE;
				MTL_FAST_MATH = YES;
				ONLY_ACTIVE_ARCH = YES;
				SDKROOT = iphoneos;
				SWIFT_ACTIVE_COMPILATION_CONDITIONS = DEBUG;
				SWIFT_OPTIMIZATION_LEVEL = "-Onone";
			};
			name = Debug;
		};
		11102A2F27C2D54200E9B81C /* Release */ = {
			isa = XCBuildConfiguration;
			buildSettings = {
				ALWAYS_SEARCH_USER_PATHS = NO;
				CLANG_ANALYZER_NONNULL = YES;
				CLANG_ANALYZER_NUMBER_OBJECT_CONVERSION = YES_AGGRESSIVE;
				CLANG_CXX_LANGUAGE_STANDARD = "gnu++17";
				CLANG_CXX_LIBRARY = "libc++";
				CLANG_ENABLE_MODULES = YES;
				CLANG_ENABLE_OBJC_ARC = YES;
				CLANG_ENABLE_OBJC_WEAK = YES;
				CLANG_WARN_BLOCK_CAPTURE_AUTORELEASING = YES;
				CLANG_WARN_BOOL_CONVERSION = YES;
				CLANG_WARN_COMMA = YES;
				CLANG_WARN_CONSTANT_CONVERSION = YES;
				CLANG_WARN_DEPRECATED_OBJC_IMPLEMENTATIONS = YES;
				CLANG_WARN_DIRECT_OBJC_ISA_USAGE = YES_ERROR;
				CLANG_WARN_DOCUMENTATION_COMMENTS = YES;
				CLANG_WARN_EMPTY_BODY = YES;
				CLANG_WARN_ENUM_CONVERSION = YES;
				CLANG_WARN_INFINITE_RECURSION = YES;
				CLANG_WARN_INT_CONVERSION = YES;
				CLANG_WARN_NON_LITERAL_NULL_CONVERSION = YES;
				CLANG_WARN_OBJC_IMPLICIT_RETAIN_SELF = YES;
				CLANG_WARN_OBJC_LITERAL_CONVERSION = YES;
				CLANG_WARN_OBJC_ROOT_CLASS = YES_ERROR;
				CLANG_WARN_QUOTED_INCLUDE_IN_FRAMEWORK_HEADER = YES;
				CLANG_WARN_RANGE_LOOP_ANALYSIS = YES;
				CLANG_WARN_STRICT_PROTOTYPES = YES;
				CLANG_WARN_SUSPICIOUS_MOVE = YES;
				CLANG_WARN_UNGUARDED_AVAILABILITY = YES_AGGRESSIVE;
				CLANG_WARN_UNREACHABLE_CODE = YES;
				CLANG_WARN__DUPLICATE_METHOD_MATCH = YES;
				COPY_PHASE_STRIP = NO;
				DEBUG_INFORMATION_FORMAT = "dwarf-with-dsym";
				ENABLE_NS_ASSERTIONS = NO;
				ENABLE_STRICT_OBJC_MSGSEND = YES;
				GCC_C_LANGUAGE_STANDARD = gnu11;
				GCC_NO_COMMON_BLOCKS = YES;
				GCC_WARN_64_TO_32_BIT_CONVERSION = YES;
				GCC_WARN_ABOUT_RETURN_TYPE = YES_ERROR;
				GCC_WARN_UNDECLARED_SELECTOR = YES;
				GCC_WARN_UNINITIALIZED_AUTOS = YES_AGGRESSIVE;
				GCC_WARN_UNUSED_FUNCTION = YES;
				GCC_WARN_UNUSED_VARIABLE = YES;
				IPHONEOS_DEPLOYMENT_TARGET = 15.2;
				MTL_ENABLE_DEBUG_INFO = NO;
				MTL_FAST_MATH = YES;
				SDKROOT = iphoneos;
				SWIFT_COMPILATION_MODE = wholemodule;
				SWIFT_OPTIMIZATION_LEVEL = "-O";
				VALIDATE_PRODUCT = YES;
			};
			name = Release;
		};
		11102A3127C2D54200E9B81C /* Debug */ = {
			isa = XCBuildConfiguration;
			baseConfigurationReference = A1002FD6279ED3CCE1DC6F32 /* Pods-yazarlar_app.debug.xcconfig */;
			buildSettings = {
				ASSETCATALOG_COMPILER_APPICON_NAME = AppIcon;
				ASSETCATALOG_COMPILER_GLOBAL_ACCENT_COLOR_NAME = AccentColor;
				CODE_SIGN_STYLE = Automatic;
				CURRENT_PROJECT_VERSION = 1;
				GENERATE_INFOPLIST_FILE = YES;
				INFOPLIST_FILE = yazarlar_app/Info.plist;
				INFOPLIST_KEY_UIApplicationSupportsIndirectInputEvents = YES;
				INFOPLIST_KEY_UILaunchStoryboardName = LaunchScreen;
				INFOPLIST_KEY_UIMainStoryboardFile = Main;
				INFOPLIST_KEY_UISupportedInterfaceOrientations_iPad = "UIInterfaceOrientationPortrait UIInterfaceOrientationPortraitUpsideDown UIInterfaceOrientationLandscapeLeft UIInterfaceOrientationLandscapeRight";
				INFOPLIST_KEY_UISupportedInterfaceOrientations_iPhone = "UIInterfaceOrientationPortrait UIInterfaceOrientationLandscapeLeft UIInterfaceOrientationLandscapeRight";
				LD_RUNPATH_SEARCH_PATHS = (
					"$(inherited)",
					"@executable_path/Frameworks",
				);
				MARKETING_VERSION = 1.0;
				PRODUCT_BUNDLE_IDENTIFIER = "com.selincaglar.yazarlar-app";
				PRODUCT_NAME = "$(TARGET_NAME)";
				SWIFT_EMIT_LOC_STRINGS = YES;
				SWIFT_VERSION = 5.0;
				TARGETED_DEVICE_FAMILY = "1,2";
			};
			name = Debug;
		};
		11102A3227C2D54200E9B81C /* Release */ = {
			isa = XCBuildConfiguration;
			baseConfigurationReference = 10B011F6BC9136BFB6C76A85 /* Pods-yazarlar_app.release.xcconfig */;
			buildSettings = {
				ASSETCATALOG_COMPILER_APPICON_NAME = AppIcon;
				ASSETCATALOG_COMPILER_GLOBAL_ACCENT_COLOR_NAME = AccentColor;
				CODE_SIGN_STYLE = Automatic;
				CURRENT_PROJECT_VERSION = 1;
				GENERATE_INFOPLIST_FILE = YES;
				INFOPLIST_FILE = yazarlar_app/Info.plist;
				INFOPLIST_KEY_UIApplicationSupportsIndirectInputEvents = YES;
				INFOPLIST_KEY_UILaunchStoryboardName = LaunchScreen;
				INFOPLIST_KEY_UIMainStoryboardFile = Main;
				INFOPLIST_KEY_UISupportedInterfaceOrientations_iPad = "UIInterfaceOrientationPortrait UIInterfaceOrientationPortraitUpsideDown UIInterfaceOrientationLandscapeLeft UIInterfaceOrientationLandscapeRight";
				INFOPLIST_KEY_UISupportedInterfaceOrientations_iPhone = "UIInterfaceOrientationPortrait UIInterfaceOrientationLandscapeLeft UIInterfaceOrientationLandscapeRight";
				LD_RUNPATH_SEARCH_PATHS = (
					"$(inherited)",
					"@executable_path/Frameworks",
				);
				MARKETING_VERSION = 1.0;
				PRODUCT_BUNDLE_IDENTIFIER = "com.selincaglar.yazarlar-app";
				PRODUCT_NAME = "$(TARGET_NAME)";
				SWIFT_EMIT_LOC_STRINGS = YES;
				SWIFT_VERSION = 5.0;
				TARGETED_DEVICE_FAMILY = "1,2";
			};
			name = Release;
		};
/* End XCBuildConfiguration section */

/* Begin XCConfigurationList section */
		11102A1727C2D54100E9B81C /* Build configuration list for PBXProject "yazarlar_app" */ = {
			isa = XCConfigurationList;
			buildConfigurations = (
				11102A2E27C2D54200E9B81C /* Debug */,
				11102A2F27C2D54200E9B81C /* Release */,
			);
			defaultConfigurationIsVisible = 0;
			defaultConfigurationName = Release;
		};
		11102A3027C2D54200E9B81C /* Build configuration list for PBXNativeTarget "yazarlar_app" */ = {
			isa = XCConfigurationList;
			buildConfigurations = (
				11102A3127C2D54200E9B81C /* Debug */,
				11102A3227C2D54200E9B81C /* Release */,
			);
			defaultConfigurationIsVisible = 0;
			defaultConfigurationName = Release;
		};
/* End XCConfigurationList section */
	};
	rootObject = 11102A1427C2D54100E9B81C /* Project object */;
}
